
Microsoft Visual Studio Solution File, Format Version 12.00
# Visual Studio 2012
Project("{FAE04EC0-301F-11D3-BF4B-00C04F79EFBC}") = "JMPicture", "JMPicture\JMPicture.csproj", "{930E2278-1EEB-465A-A961-D4A132584EBB}"
EndProject
Project("{FAE04EC0-301F-11D3-BF4B-00C04F79EFBC}") = "test", "test\test.csproj", "{671D4C94-CE7B-41E7-B13B-4CE7AA06D940}"
EndProject
Global
	GlobalSection(SolutionConfigurationPlatforms) = preSolution
		Debug|Any CPU = Debug|Any CPU
		Release|Any CPU = Release|Any CPU
	EndGlobalSection
	GlobalSection(ProjectConfigurationPlatforms) = postSolution
		{930E2278-1EEB-465A-A961-D4A132584EBB}.Debug|Any CPU.ActiveCfg = Debug|Any CPU
		{930E2278-1EEB-465A-A961-D4A132584EBB}.Debug|Any CPU.Build.0 = Debug|Any CPU
		{930E2278-1EEB-465A-A961-D4A132584EBB}.Release|Any CPU.ActiveCfg = Release|Any CPU
		{930E2278-1EEB-465A-A961-D4A132584EBB}.Release|Any CPU.Build.0 = Release|Any CPU
		{671D4C94-CE7B-41E7-B13B-4CE7AA06D940}.Debug|Any CPU.ActiveCfg = Debug|Any CPU
		{671D4C94-CE7B-41E7-B13B-4CE7AA06D940}.Debug|Any CPU.Build.0 = Debug|Any CPU
		{671D4C94-CE7B-41E7-B13B-4CE7AA06D940}.Release|Any CPU.ActiveCfg = Release|Any CPU
		{671D4C94-CE7B-41E7-B13B-4CE7AA06D940}.Release|Any CPU.Build.0 = Release|Any CPU
	EndGlobalSection
	GlobalSection(SolutionProperties) = preSolution
		HideSolutionNode = FALSE
	EndGlobalSection
EndGlobal
